
Microsoft Visual Studio Solution File, Format Version 12.00
# Visual Studio Version 17
VisualStudioVersion = 17.0.31903.59
MinimumVisualStudioVersion = 10.0.40219.1
Project("{2150E333-8FDC-42A3-9474-1A3956D46DE8}") = "src", "src", "{827E0CD3-B72D-47B6-A68D-7590B98EB39B}"
EndProject
Project("{FAE04EC0-301F-11D3-BF4B-00C04F79EFBC}") = "Coffer.Core", "src\Coffer.Core\Coffer.Core.csproj", "{D1FF22CE-16EC-4A47-97B6-7B9948D60FDB}"
EndProject
Project("{FAE04EC0-301F-11D3-BF4B-00C04F79EFBC}") = "Coffer.Shared", "src\Coffer.Shared\Coffer.Shared.csproj", "{7BA271F7-94A5-4B04-9475-A0B59DEC63CA}"
EndProject
Project("{FAE04EC0-301F-11D3-BF4B-00C04F79EFBC}") = "Coffer.Infrastructure", "src\Coffer.Infrastructure\Coffer.Infrastructure.csproj", "{BE564C8E-C64E-4A71-84B7-51CE38BE6952}"
EndProject
Project("{FAE04EC0-301F-11D3-BF4B-00C04F79EFBC}") = "Coffer.Application", "src\Coffer.Application\Coffer.Application.csproj", "{D246B7AE-DE01-4A0B-AEC8-5D031CBF91DF}"
EndProject
Project("{FAE04EC0-301F-11D3-BF4B-00C04F79EFBC}") = "Coffer.Desktop", "src\Coffer.Desktop\Coffer.Desktop.csproj", "{57045259-12B5-4756-9A21-EA76FA2B0340}"
EndProject
Project("{FAE04EC0-301F-11D3-BF4B-00C04F79EFBC}") = "Coffer.Core.Tests", "tests\Coffer.Core.Tests\Coffer.Core.Tests.csproj", "{3A5FBAA1-1AA7-4CEE-A065-90C60C6DBBEA}"
EndProject
Project("{FAE04EC0-301F-11D3-BF4B-00C04F79EFBC}") = "Coffer.Infrastructure.Tests", "tests\Coffer.Infrastructure.Tests\Coffer.Infrastructure.Tests.csproj", "{E7064DBF-E149-4A92-A1A0-363EE18517C6}"
EndProject
Project("{FAE04EC0-301F-11D3-BF4B-00C04F79EFBC}") = "Coffer.Application.Tests", "tests\Coffer.Application.Tests\Coffer.Application.Tests.csproj", "{2F01D815-3A85-4008-A831-7F24E26954DE}"
EndProject
Global
	GlobalSection(SolutionConfigurationPlatforms) = preSolution
		Debug|Any CPU = Debug|Any CPU
		Debug|x64 = Debug|x64
		Debug|x86 = Debug|x86
		Release|Any CPU = Release|Any CPU
		Release|x64 = Release|x64
		Release|x86 = Release|x86
	EndGlobalSection
	GlobalSection(ProjectConfigurationPlatforms) = postSolution
		{D1FF22CE-16EC-4A47-97B6-7B9948D60FDB}.Debug|Any CPU.ActiveCfg = Debug|Any CPU
		{D1FF22CE-16EC-4A47-97B6-7B9948D60FDB}.Debug|Any CPU.Build.0 = Debug|Any CPU
		{D1FF22CE-16EC-4A47-97B6-7B9948D60FDB}.Debug|x64.ActiveCfg = Debug|Any CPU
		{D1FF22CE-16EC-4A47-97B6-7B9948D60FDB}.Debug|x64.Build.0 = Debug|Any CPU
		{D1FF22CE-16EC-4A47-97B6-7B9948D60FDB}.Debug|x86.ActiveCfg = Debug|Any CPU
		{D1FF22CE-16EC-4A47-97B6-7B9948D60FDB}.Debug|x86.Build.0 = Debug|Any CPU
		{D1FF22CE-16EC-4A47-97B6-7B9948D60FDB}.Release|Any CPU.ActiveCfg = Release|Any CPU
		{D1FF22CE-16EC-4A47-97B6-7B9948D60FDB}.Release|Any CPU.Build.0 = Release|Any CPU
		{D1FF22CE-16EC-4A47-97B6-7B9948D60FDB}.Release|x64.ActiveCfg = Release|Any CPU
		{D1FF22CE-16EC-4A47-97B6-7B9948D60FDB}.Release|x64.Build.0 = Release|Any CPU
		{D1FF22CE-16EC-4A47-97B6-7B9948D60FDB}.Release|x86.ActiveCfg = Release|Any CPU
		{D1FF22CE-16EC-4A47-97B6-7B9948D60FDB}.Release|x86.Build.0 = Release|Any CPU
		{7BA271F7-94A5-4B04-9475-A0B59DEC63CA}.Debug|Any CPU.ActiveCfg = Debug|Any CPU
		{7BA271F7-94A5-4B04-9475-A0B59DEC63CA}.Debug|Any CPU.Build.0 = Debug|Any CPU
		{7BA271F7-94A5-4B04-9475-A0B59DEC63CA}.Debug|x64.ActiveCfg = Debug|Any CPU
		{7BA271F7-94A5-4B04-9475-A0B59DEC63CA}.Debug|x64.Build.0 = Debug|Any CPU
		{7BA271F7-94A5-4B04-9475-A0B59DEC63CA}.Debug|x86.ActiveCfg = Debug|Any CPU
		{7BA271F7-94A5-4B04-9475-A0B59DEC63CA}.Debug|x86.Build.0 = Debug|Any CPU
		{7BA271F7-94A5-4B04-9475-A0B59DEC63CA}.Release|Any CPU.ActiveCfg = Release|Any CPU
		{7BA271F7-94A5-4B04-9475-A0B59DEC63CA}.Release|Any CPU.Build.0 = Release|Any CPU
		{7BA271F7-94A5-4B04-9475-A0B59DEC63CA}.Release|x64.ActiveCfg = Release|Any CPU
		{7BA271F7-94A5-4B04-9475-A0B59DEC63CA}.Release|x64.Build.0 = Release|Any CPU
		{7BA271F7-94A5-4B04-9475-A0B59DEC63CA}.Release|x86.ActiveCfg = Release|Any CPU
		{7BA271F7-94A5-4B04-9475-A0B59DEC63CA}.Release|x86.Build.0 = Release|Any CPU
		{BE564C8E-C64E-4A71-84B7-51CE38BE6952}.Debug|Any CPU.ActiveCfg = Debug|Any CPU
		{BE564C8E-C64E-4A71-84B7-51CE38BE6952}.Debug|Any CPU.Build.0 = Debug|Any CPU
		{BE564C8E-C64E-4A71-84B7-51CE38BE6952}.Debug|x64.ActiveCfg = Debug|Any CPU
		{BE564C8E-C64E-4A71-84B7-51CE38BE6952}.Debug|x64.Build.0 = Debug|Any CPU
		{BE564C8E-C64E-4A71-84B7-51CE38BE6952}.Debug|x86.ActiveCfg = Debug|Any CPU
		{BE564C8E-C64E-4A71-84B7-51CE38BE6952}.Debug|x86.Build.0 = Debug|Any CPU
		{BE564C8E-C64E-4A71-84B7-51CE38BE6952}.Release|Any CPU.ActiveCfg = Release|Any CPU
		{BE564C8E-C64E-4A71-84B7-51CE38BE6952}.Release|Any CPU.Build.0 = Release|Any CPU
		{BE564C8E-C64E-4A71-84B7-51CE38BE6952}.Release|x64.ActiveCfg = Release|Any CPU
		{BE564C8E-C64E-4A71-84B7-51CE38BE6952}.Release|x64.Build.0 = Release|Any CPU
		{BE564C8E-C64E-4A71-84B7-51CE38BE6952}.Release|x86.ActiveCfg = Release|Any CPU
		{BE564C8E-C64E-4A71-84B7-51CE38BE6952}.Release|x86.Build.0 = Release|Any CPU
		{D246B7AE-DE01-4A0B-AEC8-5D031CBF91DF}.Debug|Any CPU.ActiveCfg = Debug|Any CPU
		{D246B7AE-DE01-4A0B-AEC8-5D031CBF91DF}.Debug|Any CPU.Build.0 = Debug|Any CPU
		{D246B7AE-DE01-4A0B-AEC8-5D031CBF91DF}.Debug|x64.ActiveCfg = Debug|Any CPU
		{D246B7AE-DE01-4A0B-AEC8-5D031CBF91DF}.Debug|x64.Build.0 = Debug|Any CPU
		{D246B7AE-DE01-4A0B-AEC8-5D031CBF91DF}.Debug|x86.ActiveCfg = Debug|Any CPU
		{D246B7AE-DE01-4A0B-AEC8-5D031CBF91DF}.Debug|x86.Build.0 = Debug|Any CPU
		{D246B7AE-DE01-4A0B-AEC8-5D031CBF91DF}.Release|Any CPU.ActiveCfg = Release|Any CPU
		{D246B7AE-DE01-4A0B-AEC8-5D031CBF91DF}.Release|Any CPU.Build.0 = Release|Any CPU
		{D246B7AE-DE01-4A0B-AEC8-5D031CBF91DF}.Release|x64.ActiveCfg = Release|Any CPU
		{D246B7AE-DE01-4A0B-AEC8-5D031CBF91DF}.Release|x64.Build.0 = Release|Any CPU
		{D246B7AE-DE01-4A0B-AEC8-5D031CBF91DF}.Release|x86.ActiveCfg = Release|Any CPU
		{D246B7AE-DE01-4A0B-AEC8-5D031CBF91DF}.Release|x86.Build.0 = Release|Any CPU
		{57045259-12B5-4756-9A21-EA76FA2B0340}.Debug|Any CPU.ActiveCfg = Debug|Any CPU
		{57045259-12B5-4756-9A21-EA76FA2B0340}.Debug|Any CPU.Build.0 = Debug|Any CPU
		{57045259-12B5-4756-9A21-EA76FA2B0340}.Debug|x64.ActiveCfg = Debug|Any CPU
		{57045259-12B5-4756-9A21-EA76FA2B0340}.Debug|x64.Build.0 = Debug|Any CPU
		{57045259-12B5-4756-9A21-EA76FA2B0340}.Debug|x86.ActiveCfg = Debug|Any CPU
		{57045259-12B5-4756-9A21-EA76FA2B0340}.Debug|x86.Build.0 = Debug|Any CPU
		{57045259-12B5-4756-9A21-EA76FA2B0340}.Release|Any CPU.ActiveCfg = Release|Any CPU
		{57045259-12B5-4756-9A21-EA76FA2B0340}.Release|Any CPU.Build.0 = Release|Any CPU
		{57045259-12B5-4756-9A21-EA76FA2B0340}.Release|x64.ActiveCfg = Release|Any CPU
		{57045259-12B5-4756-9A21-EA76FA2B0340}.Release|x64.Build.0 = Release|Any CPU
		{57045259-12B5-4756-9A21-EA76FA2B0340}.Release|x86.ActiveCfg = Release|Any CPU
		{57045259-12B5-4756-9A21-EA76FA2B0340}.Release|x86.Build.0 = Release|Any CPU
		{3A5FBAA1-1AA7-4CEE-A065-90C60C6DBBEA}.Debug|Any CPU.ActiveCfg = Debug|Any CPU
		{3A5FBAA1-1AA7-4CEE-A065-90C60C6DBBEA}.Debug|Any CPU.Build.0 = Debug|Any CPU
		{3A5FBAA1-1AA7-4CEE-A065-90C60C6DBBEA}.Debug|x64.ActiveCfg = Debug|Any CPU
		{3A5FBAA1-1AA7-4CEE-A065-90C60C6DBBEA}.Debug|x64.Build.0 = Debug|Any CPU
		{3A5FBAA1-1AA7-4CEE-A065-90C60C6DBBEA}.Debug|x86.ActiveCfg = Debug|Any CPU
		{3A5FBAA1-1AA7-4CEE-A065-90C60C6DBBEA}.Debug|x86.Build.0 = Debug|Any CPU
		{3A5FBAA1-1AA7-4CEE-A065-90C60C6DBBEA}.Release|Any CPU.ActiveCfg = Release|Any CPU
		{3A5FBAA1-1AA7-4CEE-A065-90C60C6DBBEA}.Release|Any CPU.Build.0 = Release|Any CPU
		{3A5FBAA1-1AA7-4CEE-A065-90C60C6DBBEA}.Release|x64.ActiveCfg = Release|Any CPU
		{3A5FBAA1-1AA7-4CEE-A065-90C60C6DBBEA}.Release|x64.Build.0 = Release|Any CPU
		{3A5FBAA1-1AA7-4CEE-A065-90C60C6DBBEA}.Release|x86.ActiveCfg = Release|Any CPU
		{3A5FBAA1-1AA7-4CEE-A065-90C60C6DBBEA}.Release|x86.Build.0 = Release|Any CPU
		{E7064DBF-E149-4A92-A1A0-363EE18517C6}.Debug|Any CPU.ActiveCfg = Debug|Any CPU
		{E7064DBF-E149-4A92-A1A0-363EE18517C6}.Debug|Any CPU.Build.0 = Debug|Any CPU
		{E7064DBF-E149-4A92-A1A0-363EE18517C6}.Debug|x64.ActiveCfg = Debug|Any CPU
		{E7064DBF-E149-4A92-A1A0-363EE18517C6}.Debug|x64.Build.0 = Debug|Any CPU
		{E7064DBF-E149-4A92-A1A0-363EE18517C6}.Debug|x86.ActiveCfg = Debug|Any CPU
		{E7064DBF-E149-4A92-A1A0-363EE18517C6}.Debug|x86.Build.0 = Debug|Any CPU
		{E7064DBF-E149-4A92-A1A0-363EE18517C6}.Release|Any CPU.ActiveCfg = Release|Any CPU
		{E7064DBF-E149-4A92-A1A0-363EE18517C6}.Release|Any CPU.Build.0 = Release|Any CPU
		{E7064DBF-E149-4A92-A1A0-363EE18517C6}.Release|x64.ActiveCfg = Release|Any CPU
		{E7064DBF-E149-4A92-A1A0-363EE18517C6}.Release|x64.Build.0 = Release|Any CPU
		{E7064DBF-E149-4A92-A1A0-363EE18517C6}.Release|x86.ActiveCfg = Release|Any CPU
		{E7064DBF-E149-4A92-A1A0-363EE18517C6}.Release|x86.Build.0 = Release|Any CPU
		{2F01D815-3A85-4008-A831-7F24E26954DE}.Debug|Any CPU.ActiveCfg = Debug|Any CPU
		{2F01D815-3A85-4008-A831-7F24E26954DE}.Debug|Any CPU.Build.0 = Debug|Any CPU
		{2F01D815-3A85-4008-A831-7F24E26954DE}.Debug|x64.ActiveCfg = Debug|Any CPU
		{2F01D815-3A85-4008-A831-7F24E26954DE}.Debug|x64.Build.0 = Debug|Any CPU
		{2F01D815-3A85-4008-A831-7F24E26954DE}.Debug|x86.ActiveCfg = Debug|Any CPU
		{2F01D815-3A85-4008-A831-7F24E26954DE}.Debug|x86.Build.0 = Debug|Any CPU
		{2F01D815-3A85-4008-A831-7F24E26954DE}.Release|Any CPU.ActiveCfg = Release|Any CPU
		{2F01D815-3A85-4008-A831-7F24E26954DE}.Release|Any CPU.Build.0 = Release|Any CPU
		{2F01D815-3A85-4008-A831-7F24E26954DE}.Release|x64.ActiveCfg = Release|Any CPU
		{2F01D815-3A85-4008-A831-7F24E26954DE}.Release|x64.Build.0 = Release|Any CPU
		{2F01D815-3A85-4008-A831-7F24E26954DE}.Release|x86.ActiveCfg = Release|Any CPU
		{2F01D815-3A85-4008-A831-7F24E26954DE}.Release|x86.Build.0 = Release|Any CPU
	EndGlobalSection
	GlobalSection(SolutionProperties) = preSolution
		HideSolutionNode = FALSE
	EndGlobalSection
	GlobalSection(NestedProjects) = preSolution
		{D1FF22CE-16EC-4A47-97B6-7B9948D60FDB} = {827E0CD3-B72D-47B6-A68D-7590B98EB39B}
		{7BA271F7-94A5-4B04-9475-A0B59DEC63CA} = {827E0CD3-B72D-47B6-A68D-7590B98EB39B}
		{BE564C8E-C64E-4A71-84B7-51CE38BE6952} = {827E0CD3-B72D-47B6-A68D-7590B98EB39B}
		{D246B7AE-DE01-4A0B-AEC8-5D031CBF91DF} = {827E0CD3-B72D-47B6-A68D-7590B98EB39B}
		{57045259-12B5-4756-9A21-EA76FA2B0340} = {827E0CD3-B72D-47B6-A68D-7590B98EB39B}
		{3A5FBAA1-1AA7-4CEE-A065-90C60C6DBBEA} = {827E0CD3-B72D-47B6-A68D-7590B98EB39B}
		{E7064DBF-E149-4A92-A1A0-363EE18517C6} = {827E0CD3-B72D-47B6-A68D-7590B98EB39B}
		{2F01D815-3A85-4008-A831-7F24E26954DE} = {827E0CD3-B72D-47B6-A68D-7590B98EB39B}
	EndGlobalSection
EndGlobal
